
Microsoft Visual Studio Solution File, Format Version 12.00
# Visual Studio Version 16
VisualStudioVersion = 16.0.31624.102
MinimumVisualStudioVersion = 10.0.40219.1
Project("{FAE04EC0-301F-11D3-BF4B-00C04F79EFBC}") = "Трансцендентные уравнения", "Трансцендентные уравнения\Трансцендентные уравнения.csproj", "{F27A0F38-4C1B-4A9A-AAFC-9B88850A4268}"
EndProject
Global
	GlobalSection(SolutionConfigurationPlatforms) = preSolution
		Debug|Any CPU = Debug|Any CPU
		Release|Any CPU = Release|Any CPU
	EndGlobalSection
	GlobalSection(ProjectConfigurationPlatforms) = postSolution
		{F27A0F38-4C1B-4A9A-AAFC-9B88850A4268}.Debug|Any CPU.ActiveCfg = Debug|Any CPU
		{F27A0F38-4C1B-4A9A-AAFC-9B88850A4268}.Debug|Any CPU.Build.0 = Debug|Any CPU
		{F27A0F38-4C1B-4A9A-AAFC-9B88850A4268}.Release|Any CPU.ActiveCfg = Release|Any CPU
		{F27A0F38-4C1B-4A9A-AAFC-9B88850A4268}.Release|Any CPU.Build.0 = Release|Any CPU
	EndGlobalSection
	GlobalSection(SolutionProperties) = preSolution
		HideSolutionNode = FALSE
	EndGlobalSection
	GlobalSection(ExtensibilityGlobals) = postSolution
		SolutionGuid = {983C291A-8287-4741-BCD4-0C362D5A59AE}
	EndGlobalSection
EndGlobal
